Microsoft Visual Studio Solution File, Format Version 12.00
# Visual Studio Version 17
VisualStudioVersion = 17.5.2.0
MinimumVisualStudioVersion = 10.0.40219.1
Project("{FAE04EC0-301F-11D3-BF4B-00C04F79EFBC}") = "AdvancedUnitTesting", "AdvancedUnitTesting\AdvancedUnitTesting.csproj", "{8C460E13-0C09-3551-166F-C16F2399DA81}"
EndProject
Project("{FAE04EC0-301F-11D3-BF4B-00C04F79EFBC}") = "LegacyCodeFinal", "LegacyCodeFinal\LegacyCodeFinal.csproj", "{BF4AA01A-182F-0AF9-99FE-3D76F6A57DB2}"
EndProject
Project("{FAE04EC0-301F-11D3-BF4B-00C04F79EFBC}") = "LegacyCodeFinalTest", "LegacyCodeFinalTest\LegacyCodeFinalTest.csproj", "{A995FE10-FF9C-DB5A-2568-4419CEC4CAF0}"
EndProject
Project("{FAE04EC0-301F-11D3-BF4B-00C04F79EFBC}") = "LegacyCode", "LegacyCode\LegacyCode.csproj", "{1FDDA822-451B-46CE-88E2-665906E7BDAD}"
EndProject
Project("{FAE04EC0-301F-11D3-BF4B-00C04F79EFBC}") = "LegacyCodeFinalResult", "LegacyCodeFinalResult\LegacyCodeFinalResult.csproj", "{9D996E5B-E2CE-7D1D-CBB5-1D965CEB9488}"
EndProject
Project("{FAE04EC0-301F-11D3-BF4B-00C04F79EFBC}") = "LegacyCodeFinalResultTest", "LegacyCodeFinalResultTest\LegacyCodeFinalResultTest.csproj", "{93F01CBE-8539-F850-0DDC-61013DDB3597}"
EndProject
Global
	GlobalSection(SolutionConfigurationPlatforms) = preSolution
		Debug|Any CPU = Debug|Any CPU
		Debug|x64 = Debug|x64
		Debug|x86 = Debug|x86
		Release|Any CPU = Release|Any CPU
		Release|x64 = Release|x64
		Release|x86 = Release|x86
	EndGlobalSection
	GlobalSection(ProjectConfigurationPlatforms) = postSolution
		{8C460E13-0C09-3551-166F-C16F2399DA81}.Debug|Any CPU.ActiveCfg = Debug|Any CPU
		{8C460E13-0C09-3551-166F-C16F2399DA81}.Debug|Any CPU.Build.0 = Debug|Any CPU
		{8C460E13-0C09-3551-166F-C16F2399DA81}.Debug|x64.ActiveCfg = Debug|Any CPU
		{8C460E13-0C09-3551-166F-C16F2399DA81}.Debug|x64.Build.0 = Debug|Any CPU
		{8C460E13-0C09-3551-166F-C16F2399DA81}.Debug|x86.ActiveCfg = Debug|Any CPU
		{8C460E13-0C09-3551-166F-C16F2399DA81}.Debug|x86.Build.0 = Debug|Any CPU
		{8C460E13-0C09-3551-166F-C16F2399DA81}.Release|Any CPU.ActiveCfg = Release|Any CPU
		{8C460E13-0C09-3551-166F-C16F2399DA81}.Release|Any CPU.Build.0 = Release|Any CPU
		{8C460E13-0C09-3551-166F-C16F2399DA81}.Release|x64.ActiveCfg = Release|Any CPU
		{8C460E13-0C09-3551-166F-C16F2399DA81}.Release|x64.Build.0 = Release|Any CPU
		{8C460E13-0C09-3551-166F-C16F2399DA81}.Release|x86.ActiveCfg = Release|Any CPU
		{8C460E13-0C09-3551-166F-C16F2399DA81}.Release|x86.Build.0 = Release|Any CPU
		{BF4AA01A-182F-0AF9-99FE-3D76F6A57DB2}.Debug|Any CPU.ActiveCfg = Debug|Any CPU
		{BF4AA01A-182F-0AF9-99FE-3D76F6A57DB2}.Debug|Any CPU.Build.0 = Debug|Any CPU
		{BF4AA01A-182F-0AF9-99FE-3D76F6A57DB2}.Debug|x64.ActiveCfg = Debug|Any CPU
		{BF4AA01A-182F-0AF9-99FE-3D76F6A57DB2}.Debug|x64.Build.0 = Debug|Any CPU
		{BF4AA01A-182F-0AF9-99FE-3D76F6A57DB2}.Debug|x86.ActiveCfg = Debug|Any CPU
		{BF4AA01A-182F-0AF9-99FE-3D76F6A57DB2}.Debug|x86.Build.0 = Debug|Any CPU
		{BF4AA01A-182F-0AF9-99FE-3D76F6A57DB2}.Release|Any CPU.ActiveCfg = Release|Any CPU
		{BF4AA01A-182F-0AF9-99FE-3D76F6A57DB2}.Release|Any CPU.Build.0 = Release|Any CPU
		{BF4AA01A-182F-0AF9-99FE-3D76F6A57DB2}.Release|x64.ActiveCfg = Release|Any CPU
		{BF4AA01A-182F-0AF9-99FE-3D76F6A57DB2}.Release|x64.Build.0 = Release|Any CPU
		{BF4AA01A-182F-0AF9-99FE-3D76F6A57DB2}.Release|x86.ActiveCfg = Release|Any CPU
		{BF4AA01A-182F-0AF9-99FE-3D76F6A57DB2}.Release|x86.Build.0 = Release|Any CPU
		{A995FE10-FF9C-DB5A-2568-4419CEC4CAF0}.Debug|Any CPU.ActiveCfg = Debug|Any CPU
		{A995FE10-FF9C-DB5A-2568-4419CEC4CAF0}.Debug|Any CPU.Build.0 = Debug|Any CPU
		{A995FE10-FF9C-DB5A-2568-4419CEC4CAF0}.Debug|x64.ActiveCfg = Debug|Any CPU
		{A995FE10-FF9C-DB5A-2568-4419CEC4CAF0}.Debug|x64.Build.0 = Debug|Any CPU
		{A995FE10-FF9C-DB5A-2568-4419CEC4CAF0}.Debug|x86.ActiveCfg = Debug|Any CPU
		{A995FE10-FF9C-DB5A-2568-4419CEC4CAF0}.Debug|x86.Build.0 = Debug|Any CPU
		{A995FE10-FF9C-DB5A-2568-4419CEC4CAF0}.Release|Any CPU.ActiveCfg = Release|Any CPU
		{A995FE10-FF9C-DB5A-2568-4419CEC4CAF0}.Release|Any CPU.Build.0 = Release|Any CPU
		{A995FE10-FF9C-DB5A-2568-4419CEC4CAF0}.Release|x64.ActiveCfg = Release|Any CPU
		{A995FE10-FF9C-DB5A-2568-4419CEC4CAF0}.Release|x64.Build.0 = Release|Any CPU
		{A995FE10-FF9C-DB5A-2568-4419CEC4CAF0}.Release|x86.ActiveCfg = Release|Any CPU
		{A995FE10-FF9C-DB5A-2568-4419CEC4CAF0}.Release|x86.Build.0 = Release|Any CPU
		{1FDDA822-451B-46CE-88E2-665906E7BDAD}.Debug|Any CPU.ActiveCfg = Debug|Any CPU
		{1FDDA822-451B-46CE-88E2-665906E7BDAD}.Debug|Any CPU.Build.0 = Debug|Any CPU
		{1FDDA822-451B-46CE-88E2-665906E7BDAD}.Debug|x64.ActiveCfg = Debug|Any CPU
		{1FDDA822-451B-46CE-88E2-665906E7BDAD}.Debug|x64.Build.0 = Debug|Any CPU
		{1FDDA822-451B-46CE-88E2-665906E7BDAD}.Debug|x86.ActiveCfg = Debug|Any CPU
		{1FDDA822-451B-46CE-88E2-665906E7BDAD}.Debug|x86.Build.0 = Debug|Any CPU
		{1FDDA822-451B-46CE-88E2-665906E7BDAD}.Release|Any CPU.ActiveCfg = Release|Any CPU
		{1FDDA822-451B-46CE-88E2-665906E7BDAD}.Release|Any CPU.Build.0 = Release|Any CPU
		{1FDDA822-451B-46CE-88E2-665906E7BDAD}.Release|x64.ActiveCfg = Release|Any CPU
		{1FDDA822-451B-46CE-88E2-665906E7BDAD}.Release|x64.Build.0 = Release|Any CPU
		{1FDDA822-451B-46CE-88E2-665906E7BDAD}.Release|x86.ActiveCfg = Release|Any CPU
		{1FDDA822-451B-46CE-88E2-665906E7BDAD}.Release|x86.Build.0 = Release|Any CPU
		{9D996E5B-E2CE-7D1D-CBB5-1D965CEB9488}.Debug|Any CPU.ActiveCfg = Debug|Any CPU
		{9D996E5B-E2CE-7D1D-CBB5-1D965CEB9488}.Debug|Any CPU.Build.0 = Debug|Any CPU
		{9D996E5B-E2CE-7D1D-CBB5-1D965CEB9488}.Debug|x64.ActiveCfg = Debug|Any CPU
		{9D996E5B-E2CE-7D1D-CBB5-1D965CEB9488}.Debug|x64.Build.0 = Debug|Any CPU
		{9D996E5B-E2CE-7D1D-CBB5-1D965CEB9488}.Debug|x86.ActiveCfg = Debug|Any CPU
		{9D996E5B-E2CE-7D1D-CBB5-1D965CEB9488}.Debug|x86.Build.0 = Debug|Any CPU
		{9D996E5B-E2CE-7D1D-CBB5-1D965CEB9488}.Release|Any CPU.ActiveCfg = Release|Any CPU
		{9D996E5B-E2CE-7D1D-CBB5-1D965CEB9488}.Release|Any CPU.Build.0 = Release|Any CPU
		{9D996E5B-E2CE-7D1D-CBB5-1D965CEB9488}.Release|x64.ActiveCfg = Release|Any CPU
		{9D996E5B-E2CE-7D1D-CBB5-1D965CEB9488}.Release|x64.Build.0 = Release|Any CPU
		{9D996E5B-E2CE-7D1D-CBB5-1D965CEB9488}.Release|x86.ActiveCfg = Release|Any CPU
		{9D996E5B-E2CE-7D1D-CBB5-1D965CEB9488}.Release|x86.Build.0 = Release|Any CPU
		{93F01CBE-8539-F850-0DDC-61013DDB3597}.Debug|Any CPU.ActiveCfg = Debug|Any CPU
		{93F01CBE-8539-F850-0DDC-61013DDB3597}.Debug|Any CPU.Build.0 = Debug|Any CPU
		{93F01CBE-8539-F850-0DDC-61013DDB3597}.Debug|x64.ActiveCfg = Debug|Any CPU
		{93F01CBE-8539-F850-0DDC-61013DDB3597}.Debug|x64.Build.0 = Debug|Any CPU
		{93F01CBE-8539-F850-0DDC-61013DDB3597}.Debug|x86.ActiveCfg = Debug|Any CPU
		{93F01CBE-8539-F850-0DDC-61013DDB3597}.Debug|x86.Build.0 = Debug|Any CPU
		{93F01CBE-8539-F850-0DDC-61013DDB3597}.Release|Any CPU.ActiveCfg = Release|Any CPU
		{93F01CBE-8539-F850-0DDC-61013DDB3597}.Release|Any CPU.Build.0 = Release|Any CPU
		{93F01CBE-8539-F850-0DDC-61013DDB3597}.Release|x64.ActiveCfg = Release|Any CPU
		{93F01CBE-8539-F850-0DDC-61013DDB3597}.Release|x64.Build.0 = Release|Any CPU
		{93F01CBE-8539-F850-0DDC-61013DDB3597}.Release|x86.ActiveCfg = Release|Any CPU
		{93F01CBE-8539-F850-0DDC-61013DDB3597}.Release|x86.Build.0 = Release|Any CPU
	EndGlobalSection
	GlobalSection(SolutionProperties) = preSolution
		HideSolutionNode = FALSE
	EndGlobalSection
	GlobalSection(ExtensibilityGlobals) = postSolution
		SolutionGuid = {F3FD0B7B-076D-47AE-A598-F43193C6E6D1}
	EndGlobalSection
EndGlobal
